
Microsoft Visual Studio Solution File, Format Version 12.00
# Visual Studio Version 17
VisualStudioVersion = 17.4.33213.308
MinimumVisualStudioVersion = 10.0.40219.1
Project("{FAE04EC0-301F-11D3-BF4B-00C04F79EFBC}") = "TicTacChessAbet", "TicTacChessAbet\TicTacChessAbet.csproj", "{AD7426C0-B4E3-4CAC-84DE-F1AE3D376ECF}"
EndProject
Global
	GlobalSection(SolutionConfigurationPlatforms) = preSolution
		Debug|Any CPU = Debug|Any CPU
		Release|Any CPU = Release|Any CPU
	EndGlobalSection
	GlobalSection(ProjectConfigurationPlatforms) = postSolution
		{AD7426C0-B4E3-4CAC-84DE-F1AE3D376ECF}.Debug|Any CPU.ActiveCfg = Debug|Any CPU
		{AD7426C0-B4E3-4CAC-84DE-F1AE3D376ECF}.Debug|Any CPU.Build.0 = Debug|Any CPU
		{AD7426C0-B4E3-4CAC-84DE-F1AE3D376ECF}.Release|Any CPU.ActiveCfg = Release|Any CPU
		{AD7426C0-B4E3-4CAC-84DE-F1AE3D376ECF}.Release|Any CPU.Build.0 = Release|Any CPU
	EndGlobalSection
	GlobalSection(SolutionProperties) = preSolution
		HideSolutionNode = FALSE
	EndGlobalSection
	GlobalSection(ExtensibilityGlobals) = postSolution
		SolutionGuid = {8E800009-9258-482F-AC94-D3888A9D1F26}
	EndGlobalSection
EndGlobal
